
Microsoft Visual Studio Solution File, Format Version 12.00
# Visual Studio 15
VisualStudioVersion = 15.0.27703.2047
MinimumVisualStudioVersion = 10.0.40219.1
Project("{9A19103F-16F7-4668-BE54-9A1E7A4F7556}") = "WebDispacher", "WebDispacher\WebDispacher.csproj", "{DFF19FF4-82AB-4261-8CFB-D08070FAC1DE}"
EndProject
Project("{FAE04EC0-301F-11D3-BF4B-00C04F79EFBC}") = "Parser", "Parser\Parser.csproj", "{7755E01D-7F6F-46E6-99EF-0FBC73DEF5F9}"
EndProject
Project("{9A19103F-16F7-4668-BE54-9A1E7A4F7556}") = "DaoModels", "DaoModels\DaoModels.csproj", "{8721D8CE-677E-42D3-8FD5-66EA65514695}"
EndProject
Project("{FAE04EC0-301F-11D3-BF4B-00C04F79EFBC}") = "MDispatch.Android", "MDispatch\MDispatch.Android\MDispatch.Android.csproj", "{19D6D24D-FD79-42B1-ABA5-038875180AED}"
EndProject
Project("{FAE04EC0-301F-11D3-BF4B-00C04F79EFBC}") = "MDispatch.iOS", "MDispatch\MDispatch.iOS\MDispatch.iOS.csproj", "{FFE941D5-E279-4090-AEEA-9A32BE01D3D7}"
EndProject
Project("{FAE04EC0-301F-11D3-BF4B-00C04F79EFBC}") = "MDispatch", "MDispatch\MDispatch\MDispatch.csproj", "{D6CD94AD-B4AF-4C31-B29D-789E2FBD7D48}"
EndProject
Project("{FAE04EC0-301F-11D3-BF4B-00C04F79EFBC}") = "ApiMobaileServise", "ApiMobaileServise\ApiMobaileServise.csproj", "{47877A91-114A-4EE8-9B13-477B79E8ABB1}"
EndProject
Global
	GlobalSection(SolutionConfigurationPlatforms) = preSolution
		Ad-Hoc|Any CPU = Ad-Hoc|Any CPU
		Ad-Hoc|iPhone = Ad-Hoc|iPhone
		Ad-Hoc|iPhoneSimulator = Ad-Hoc|iPhoneSimulator
		AppStore|Any CPU = AppStore|Any CPU
		AppStore|iPhone = AppStore|iPhone
		AppStore|iPhoneSimulator = AppStore|iPhoneSimulator
		Debug|Any CPU = Debug|Any CPU
		Debug|iPhone = Debug|iPhone
		Debug|iPhoneSimulator = Debug|iPhoneSimulator
		Release|Any CPU = Release|Any CPU
		Release|iPhone = Release|iPhone
		Release|iPhoneSimulator = Release|iPhoneSimulator
	EndGlobalSection
	GlobalSection(ProjectConfigurationPlatforms) = postSolution
		{DFF19FF4-82AB-4261-8CFB-D08070FAC1DE}.Ad-Hoc|Any CPU.ActiveCfg = Release|Any CPU
		{DFF19FF4-82AB-4261-8CFB-D08070FAC1DE}.Ad-Hoc|Any CPU.Build.0 = Release|Any CPU
		{DFF19FF4-82AB-4261-8CFB-D08070FAC1DE}.Ad-Hoc|iPhone.ActiveCfg = Release|Any CPU
		{DFF19FF4-82AB-4261-8CFB-D08070FAC1DE}.Ad-Hoc|iPhone.Build.0 = Release|Any CPU
		{DFF19FF4-82AB-4261-8CFB-D08070FAC1DE}.Ad-Hoc|iPhoneSimulator.ActiveCfg = Release|Any CPU
		{DFF19FF4-82AB-4261-8CFB-D08070FAC1DE}.Ad-Hoc|iPhoneSimulator.Build.0 = Release|Any CPU
		{DFF19FF4-82AB-4261-8CFB-D08070FAC1DE}.AppStore|Any CPU.ActiveCfg = Release|Any CPU
		{DFF19FF4-82AB-4261-8CFB-D08070FAC1DE}.AppStore|Any CPU.Build.0 = Release|Any CPU
		{DFF19FF4-82AB-4261-8CFB-D08070FAC1DE}.AppStore|iPhone.ActiveCfg = Release|Any CPU
		{DFF19FF4-82AB-4261-8CFB-D08070FAC1DE}.AppStore|iPhone.Build.0 = Release|Any CPU
		{DFF19FF4-82AB-4261-8CFB-D08070FAC1DE}.AppStore|iPhoneSimulator.ActiveCfg = Release|Any CPU
		{DFF19FF4-82AB-4261-8CFB-D08070FAC1DE}.AppStore|iPhoneSimulator.Build.0 = Release|Any CPU
		{DFF19FF4-82AB-4261-8CFB-D08070FAC1DE}.Debug|Any CPU.ActiveCfg = Debug|Any CPU
		{DFF19FF4-82AB-4261-8CFB-D08070FAC1DE}.Debug|Any CPU.Build.0 = Debug|Any CPU
		{DFF19FF4-82AB-4261-8CFB-D08070FAC1DE}.Debug|iPhone.ActiveCfg = Debug|Any CPU
		{DFF19FF4-82AB-4261-8CFB-D08070FAC1DE}.Debug|iPhone.Build.0 = Debug|Any CPU
		{DFF19FF4-82AB-4261-8CFB-D08070FAC1DE}.Debug|iPhoneSimulator.ActiveCfg = Debug|Any CPU
		{DFF19FF4-82AB-4261-8CFB-D08070FAC1DE}.Debug|iPhoneSimulator.Build.0 = Debug|Any CPU
		{DFF19FF4-82AB-4261-8CFB-D08070FAC1DE}.Release|Any CPU.ActiveCfg = Release|Any CPU
		{DFF19FF4-82AB-4261-8CFB-D08070FAC1DE}.Release|Any CPU.Build.0 = Release|Any CPU
		{DFF19FF4-82AB-4261-8CFB-D08070FAC1DE}.Release|iPhone.ActiveCfg = Release|Any CPU
		{DFF19FF4-82AB-4261-8CFB-D08070FAC1DE}.Release|iPhone.Build.0 = Release|Any CPU
		{DFF19FF4-82AB-4261-8CFB-D08070FAC1DE}.Release|iPhoneSimulator.ActiveCfg = Release|Any CPU
		{DFF19FF4-82AB-4261-8CFB-D08070FAC1DE}.Release|iPhoneSimulator.Build.0 = Release|Any CPU
		{7755E01D-7F6F-46E6-99EF-0FBC73DEF5F9}.Ad-Hoc|Any CPU.ActiveCfg = Release|Any CPU
		{7755E01D-7F6F-46E6-99EF-0FBC73DEF5F9}.Ad-Hoc|Any CPU.Build.0 = Release|Any CPU
		{7755E01D-7F6F-46E6-99EF-0FBC73DEF5F9}.Ad-Hoc|iPhone.ActiveCfg = Release|Any CPU
		{7755E01D-7F6F-46E6-99EF-0FBC73DEF5F9}.Ad-Hoc|iPhone.Build.0 = Release|Any CPU
		{7755E01D-7F6F-46E6-99EF-0FBC73DEF5F9}.Ad-Hoc|iPhoneSimulator.ActiveCfg = Release|Any CPU
		{7755E01D-7F6F-46E6-99EF-0FBC73DEF5F9}.Ad-Hoc|iPhoneSimulator.Build.0 = Release|Any CPU
		{7755E01D-7F6F-46E6-99EF-0FBC73DEF5F9}.AppStore|Any CPU.ActiveCfg = Release|Any CPU
		{7755E01D-7F6F-46E6-99EF-0FBC73DEF5F9}.AppStore|Any CPU.Build.0 = Release|Any CPU
		{7755E01D-7F6F-46E6-99EF-0FBC73DEF5F9}.AppStore|iPhone.ActiveCfg = Release|Any CPU
		{7755E01D-7F6F-46E6-99EF-0FBC73DEF5F9}.AppStore|iPhone.Build.0 = Release|Any CPU
		{7755E01D-7F6F-46E6-99EF-0FBC73DEF5F9}.AppStore|iPhoneSimulator.ActiveCfg = Release|Any CPU
		{7755E01D-7F6F-46E6-99EF-0FBC73DEF5F9}.AppStore|iPhoneSimulator.Build.0 = Release|Any CPU
		{7755E01D-7F6F-46E6-99EF-0FBC73DEF5F9}.Debug|Any CPU.ActiveCfg = Debug|Any CPU
		{7755E01D-7F6F-46E6-99EF-0FBC73DEF5F9}.Debug|Any CPU.Build.0 = Debug|Any CPU
		{7755E01D-7F6F-46E6-99EF-0FBC73DEF5F9}.Debug|iPhone.ActiveCfg = Debug|Any CPU
		{7755E01D-7F6F-46E6-99EF-0FBC73DEF5F9}.Debug|iPhone.Build.0 = Debug|Any CPU
		{7755E01D-7F6F-46E6-99EF-0FBC73DEF5F9}.Debug|iPhoneSimulator.ActiveCfg = Debug|Any CPU
		{7755E01D-7F6F-46E6-99EF-0FBC73DEF5F9}.Debug|iPhoneSimulator.Build.0 = Debug|Any CPU
		{7755E01D-7F6F-46E6-99EF-0FBC73DEF5F9}.Release|Any CPU.ActiveCfg = Release|Any CPU
		{7755E01D-7F6F-46E6-99EF-0FBC73DEF5F9}.Release|Any CPU.Build.0 = Release|Any CPU
		{7755E01D-7F6F-46E6-99EF-0FBC73DEF5F9}.Release|iPhone.ActiveCfg = Release|Any CPU
		{7755E01D-7F6F-46E6-99EF-0FBC73DEF5F9}.Release|iPhone.Build.0 = Release|Any CPU
		{7755E01D-7F6F-46E6-99EF-0FBC73DEF5F9}.Release|iPhoneSimulator.ActiveCfg = Release|Any CPU
		{7755E01D-7F6F-46E6-99EF-0FBC73DEF5F9}.Release|iPhoneSimulator.Build.0 = Release|Any CPU
		{8721D8CE-677E-42D3-8FD5-66EA65514695}.Ad-Hoc|Any CPU.ActiveCfg = Release|Any CPU
		{8721D8CE-677E-42D3-8FD5-66EA65514695}.Ad-Hoc|Any CPU.Build.0 = Release|Any CPU
		{8721D8CE-677E-42D3-8FD5-66EA65514695}.Ad-Hoc|iPhone.ActiveCfg = Release|Any CPU
		{8721D8CE-677E-42D3-8FD5-66EA65514695}.Ad-Hoc|iPhone.Build.0 = Release|Any CPU
		{8721D8CE-677E-42D3-8FD5-66EA65514695}.Ad-Hoc|iPhoneSimulator.ActiveCfg = Release|Any CPU
		{8721D8CE-677E-42D3-8FD5-66EA65514695}.Ad-Hoc|iPhoneSimulator.Build.0 = Release|Any CPU
		{8721D8CE-677E-42D3-8FD5-66EA65514695}.AppStore|Any CPU.ActiveCfg = Release|Any CPU
		{8721D8CE-677E-42D3-8FD5-66EA65514695}.AppStore|Any CPU.Build.0 = Release|Any CPU
		{8721D8CE-677E-42D3-8FD5-66EA65514695}.AppStore|iPhone.ActiveCfg = Release|Any CPU
		{8721D8CE-677E-42D3-8FD5-66EA65514695}.AppStore|iPhone.Build.0 = Release|Any CPU
		{8721D8CE-677E-42D3-8FD5-66EA65514695}.AppStore|iPhoneSimulator.ActiveCfg = Release|Any CPU
		{8721D8CE-677E-42D3-8FD5-66EA65514695}.AppStore|iPhoneSimulator.Build.0 = Release|Any CPU
		{8721D8CE-677E-42D3-8FD5-66EA65514695}.Debug|Any CPU.ActiveCfg = Debug|Any CPU
		{8721D8CE-677E-42D3-8FD5-66EA65514695}.Debug|Any CPU.Build.0 = Debug|Any CPU
		{8721D8CE-677E-42D3-8FD5-66EA65514695}.Debug|iPhone.ActiveCfg = Debug|Any CPU
		{8721D8CE-677E-42D3-8FD5-66EA65514695}.Debug|iPhone.Build.0 = Debug|Any CPU
		{8721D8CE-677E-42D3-8FD5-66EA65514695}.Debug|iPhoneSimulator.ActiveCfg = Debug|Any CPU
		{8721D8CE-677E-42D3-8FD5-66EA65514695}.Debug|iPhoneSimulator.Build.0 = Debug|Any CPU
		{8721D8CE-677E-42D3-8FD5-66EA65514695}.Release|Any CPU.ActiveCfg = Release|Any CPU
		{8721D8CE-677E-42D3-8FD5-66EA65514695}.Release|Any CPU.Build.0 = Release|Any CPU
		{8721D8CE-677E-42D3-8FD5-66EA65514695}.Release|iPhone.ActiveCfg = Release|Any CPU
		{8721D8CE-677E-42D3-8FD5-66EA65514695}.Release|iPhone.Build.0 = Release|Any CPU
		{8721D8CE-677E-42D3-8FD5-66EA65514695}.Release|iPhoneSimulator.ActiveCfg = Release|Any CPU
		{8721D8CE-677E-42D3-8FD5-66EA65514695}.Release|iPhoneSimulator.Build.0 = Release|Any CPU
		{19D6D24D-FD79-42B1-ABA5-038875180AED}.Ad-Hoc|Any CPU.ActiveCfg = Release|Any CPU
		{19D6D24D-FD79-42B1-ABA5-038875180AED}.Ad-Hoc|Any CPU.Build.0 = Release|Any CPU
		{19D6D24D-FD79-42B1-ABA5-038875180AED}.Ad-Hoc|Any CPU.Deploy.0 = Release|Any CPU
		{19D6D24D-FD79-42B1-ABA5-038875180AED}.Ad-Hoc|iPhone.ActiveCfg = Release|Any CPU
		{19D6D24D-FD79-42B1-ABA5-038875180AED}.Ad-Hoc|iPhone.Build.0 = Release|Any CPU
		{19D6D24D-FD79-42B1-ABA5-038875180AED}.Ad-Hoc|iPhone.Deploy.0 = Release|Any CPU
		{19D6D24D-FD79-42B1-ABA5-038875180AED}.Ad-Hoc|iPhoneSimulator.ActiveCfg = Release|Any CPU
		{19D6D24D-FD79-42B1-ABA5-038875180AED}.Ad-Hoc|iPhoneSimulator.Build.0 = Release|Any CPU
		{19D6D24D-FD79-42B1-ABA5-038875180AED}.Ad-Hoc|iPhoneSimulator.Deploy.0 = Release|Any CPU
		{19D6D24D-FD79-42B1-ABA5-038875180AED}.AppStore|Any CPU.ActiveCfg = Release|Any CPU
		{19D6D24D-FD79-42B1-ABA5-038875180AED}.AppStore|Any CPU.Build.0 = Release|Any CPU
		{19D6D24D-FD79-42B1-ABA5-038875180AED}.AppStore|Any CPU.Deploy.0 = Release|Any CPU
		{19D6D24D-FD79-42B1-ABA5-038875180AED}.AppStore|iPhone.ActiveCfg = Release|Any CPU
		{19D6D24D-FD79-42B1-ABA5-038875180AED}.AppStore|iPhone.Build.0 = Release|Any CPU
		{19D6D24D-FD79-42B1-ABA5-038875180AED}.AppStore|iPhone.Deploy.0 = Release|Any CPU
		{19D6D24D-FD79-42B1-ABA5-038875180AED}.AppStore|iPhoneSimulator.ActiveCfg = Release|Any CPU
		{19D6D24D-FD79-42B1-ABA5-038875180AED}.AppStore|iPhoneSimulator.Build.0 = Release|Any CPU
		{19D6D24D-FD79-42B1-ABA5-038875180AED}.AppStore|iPhoneSimulator.Deploy.0 = Release|Any CPU
		{19D6D24D-FD79-42B1-ABA5-038875180AED}.Debug|Any CPU.ActiveCfg = Debug|Any CPU
		{19D6D24D-FD79-42B1-ABA5-038875180AED}.Debug|Any CPU.Build.0 = Debug|Any CPU
		{19D6D24D-FD79-42B1-ABA5-038875180AED}.Debug|Any CPU.Deploy.0 = Debug|Any CPU
		{19D6D24D-FD79-42B1-ABA5-038875180AED}.Debug|iPhone.ActiveCfg = Debug|Any CPU
		{19D6D24D-FD79-42B1-ABA5-038875180AED}.Debug|iPhone.Build.0 = Debug|Any CPU
		{19D6D24D-FD79-42B1-ABA5-038875180AED}.Debug|iPhone.Deploy.0 = Debug|Any CPU
		{19D6D24D-FD79-42B1-ABA5-038875180AED}.Debug|iPhoneSimulator.ActiveCfg = Debug|Any CPU
		{19D6D24D-FD79-42B1-ABA5-038875180AED}.Debug|iPhoneSimulator.Build.0 = Debug|Any CPU
		{19D6D24D-FD79-42B1-ABA5-038875180AED}.Debug|iPhoneSimulator.Deploy.0 = Debug|Any CPU
		{19D6D24D-FD79-42B1-ABA5-038875180AED}.Release|Any CPU.ActiveCfg = Release|Any CPU
		{19D6D24D-FD79-42B1-ABA5-038875180AED}.Release|Any CPU.Build.0 = Release|Any CPU
		{19D6D24D-FD79-42B1-ABA5-038875180AED}.Release|Any CPU.Deploy.0 = Release|Any CPU
		{19D6D24D-FD79-42B1-ABA5-038875180AED}.Release|iPhone.ActiveCfg = Release|Any CPU
		{19D6D24D-FD79-42B1-ABA5-038875180AED}.Release|iPhone.Build.0 = Release|Any CPU
		{19D6D24D-FD79-42B1-ABA5-038875180AED}.Release|iPhone.Deploy.0 = Release|Any CPU
		{19D6D24D-FD79-42B1-ABA5-038875180AED}.Release|iPhoneSimulator.ActiveCfg = Release|Any CPU
		{19D6D24D-FD79-42B1-ABA5-038875180AED}.Release|iPhoneSimulator.Build.0 = Release|Any CPU
		{19D6D24D-FD79-42B1-ABA5-038875180AED}.Release|iPhoneSimulator.Deploy.0 = Release|Any CPU
		{FFE941D5-E279-4090-AEEA-9A32BE01D3D7}.Ad-Hoc|Any CPU.ActiveCfg = Ad-Hoc|iPhone
		{FFE941D5-E279-4090-AEEA-9A32BE01D3D7}.Ad-Hoc|iPhone.ActiveCfg = Ad-Hoc|iPhone
		{FFE941D5-E279-4090-AEEA-9A32BE01D3D7}.Ad-Hoc|iPhone.Build.0 = Ad-Hoc|iPhone
		{FFE941D5-E279-4090-AEEA-9A32BE01D3D7}.Ad-Hoc|iPhoneSimulator.ActiveCfg = Ad-Hoc|iPhoneSimulator
		{FFE941D5-E279-4090-AEEA-9A32BE01D3D7}.Ad-Hoc|iPhoneSimulator.Build.0 = Ad-Hoc|iPhoneSimulator
		{FFE941D5-E279-4090-AEEA-9A32BE01D3D7}.AppStore|Any CPU.ActiveCfg = AppStore|iPhone
		{FFE941D5-E279-4090-AEEA-9A32BE01D3D7}.AppStore|iPhone.ActiveCfg = AppStore|iPhone
		{FFE941D5-E279-4090-AEEA-9A32BE01D3D7}.AppStore|iPhone.Build.0 = AppStore|iPhone
		{FFE941D5-E279-4090-AEEA-9A32BE01D3D7}.AppStore|iPhoneSimulator.ActiveCfg = AppStore|iPhoneSimulator
		{FFE941D5-E279-4090-AEEA-9A32BE01D3D7}.AppStore|iPhoneSimulator.Build.0 = AppStore|iPhoneSimulator
		{FFE941D5-E279-4090-AEEA-9A32BE01D3D7}.Debug|Any CPU.ActiveCfg = Debug|iPhone
		{FFE941D5-E279-4090-AEEA-9A32BE01D3D7}.Debug|iPhone.ActiveCfg = Debug|iPhone
		{FFE941D5-E279-4090-AEEA-9A32BE01D3D7}.Debug|iPhone.Build.0 = Debug|iPhone
		{FFE941D5-E279-4090-AEEA-9A32BE01D3D7}.Debug|iPhoneSimulator.ActiveCfg = Debug|iPhoneSimulator
		{FFE941D5-E279-4090-AEEA-9A32BE01D3D7}.Debug|iPhoneSimulator.Build.0 = Debug|iPhoneSimulator
		{FFE941D5-E279-4090-AEEA-9A32BE01D3D7}.Release|Any CPU.ActiveCfg = Release|iPhone
		{FFE941D5-E279-4090-AEEA-9A32BE01D3D7}.Release|iPhone.ActiveCfg = Release|iPhone
		{FFE941D5-E279-4090-AEEA-9A32BE01D3D7}.Release|iPhone.Build.0 = Release|iPhone
		{FFE941D5-E279-4090-AEEA-9A32BE01D3D7}.Release|iPhoneSimulator.ActiveCfg = Release|iPhoneSimulator
		{FFE941D5-E279-4090-AEEA-9A32BE01D3D7}.Release|iPhoneSimulator.Build.0 = Release|iPhoneSimulator
		{D6CD94AD-B4AF-4C31-B29D-789E2FBD7D48}.Ad-Hoc|Any CPU.ActiveCfg = Debug|Any CPU
		{D6CD94AD-B4AF-4C31-B29D-789E2FBD7D48}.Ad-Hoc|Any CPU.Build.0 = Debug|Any CPU
		{D6CD94AD-B4AF-4C31-B29D-789E2FBD7D48}.Ad-Hoc|iPhone.ActiveCfg = Debug|Any CPU
		{D6CD94AD-B4AF-4C31-B29D-789E2FBD7D48}.Ad-Hoc|iPhone.Build.0 = Debug|Any CPU
		{D6CD94AD-B4AF-4C31-B29D-789E2FBD7D48}.Ad-Hoc|iPhoneSimulator.ActiveCfg = Debug|Any CPU
		{D6CD94AD-B4AF-4C31-B29D-789E2FBD7D48}.Ad-Hoc|iPhoneSimulator.Build.0 = Debug|Any CPU
		{D6CD94AD-B4AF-4C31-B29D-789E2FBD7D48}.AppStore|Any CPU.ActiveCfg = Debug|Any CPU
		{D6CD94AD-B4AF-4C31-B29D-789E2FBD7D48}.AppStore|Any CPU.Build.0 = Debug|Any CPU
		{D6CD94AD-B4AF-4C31-B29D-789E2FBD7D48}.AppStore|iPhone.ActiveCfg = Debug|Any CPU
		{D6CD94AD-B4AF-4C31-B29D-789E2FBD7D48}.AppStore|iPhone.Build.0 = Debug|Any CPU
		{D6CD94AD-B4AF-4C31-B29D-789E2FBD7D48}.AppStore|iPhoneSimulator.ActiveCfg = Debug|Any CPU
		{D6CD94AD-B4AF-4C31-B29D-789E2FBD7D48}.AppStore|iPhoneSimulator.Build.0 = Debug|Any CPU
		{D6CD94AD-B4AF-4C31-B29D-789E2FBD7D48}.Debug|Any CPU.ActiveCfg = Debug|Any CPU
		{D6CD94AD-B4AF-4C31-B29D-789E2FBD7D48}.Debug|Any CPU.Build.0 = Debug|Any CPU
		{D6CD94AD-B4AF-4C31-B29D-789E2FBD7D48}.Debug|iPhone.ActiveCfg = Debug|Any CPU
		{D6CD94AD-B4AF-4C31-B29D-789E2FBD7D48}.Debug|iPhone.Build.0 = Debug|Any CPU
		{D6CD94AD-B4AF-4C31-B29D-789E2FBD7D48}.Debug|iPhoneSimulator.ActiveCfg = Debug|Any CPU
		{D6CD94AD-B4AF-4C31-B29D-789E2FBD7D48}.Debug|iPhoneSimulator.Build.0 = Debug|Any CPU
		{D6CD94AD-B4AF-4C31-B29D-789E2FBD7D48}.Release|Any CPU.ActiveCfg = Release|Any CPU
		{D6CD94AD-B4AF-4C31-B29D-789E2FBD7D48}.Release|Any CPU.Build.0 = Release|Any CPU
		{D6CD94AD-B4AF-4C31-B29D-789E2FBD7D48}.Release|iPhone.ActiveCfg = Release|Any CPU
		{D6CD94AD-B4AF-4C31-B29D-789E2FBD7D48}.Release|iPhone.Build.0 = Release|Any CPU
		{D6CD94AD-B4AF-4C31-B29D-789E2FBD7D48}.Release|iPhoneSimulator.ActiveCfg = Release|Any CPU
		{D6CD94AD-B4AF-4C31-B29D-789E2FBD7D48}.Release|iPhoneSimulator.Build.0 = Release|Any CPU
		{47877A91-114A-4EE8-9B13-477B79E8ABB1}.Ad-Hoc|Any CPU.ActiveCfg = Debug|Any CPU
		{47877A91-114A-4EE8-9B13-477B79E8ABB1}.Ad-Hoc|Any CPU.Build.0 = Debug|Any CPU
		{47877A91-114A-4EE8-9B13-477B79E8ABB1}.Ad-Hoc|iPhone.ActiveCfg = Debug|Any CPU
		{47877A91-114A-4EE8-9B13-477B79E8ABB1}.Ad-Hoc|iPhone.Build.0 = Debug|Any CPU
		{47877A91-114A-4EE8-9B13-477B79E8ABB1}.Ad-Hoc|iPhoneSimulator.ActiveCfg = Debug|Any CPU
		{47877A91-114A-4EE8-9B13-477B79E8ABB1}.Ad-Hoc|iPhoneSimulator.Build.0 = Debug|Any CPU
		{47877A91-114A-4EE8-9B13-477B79E8ABB1}.AppStore|Any CPU.ActiveCfg = Debug|Any CPU
		{47877A91-114A-4EE8-9B13-477B79E8ABB1}.AppStore|Any CPU.Build.0 = Debug|Any CPU
		{47877A91-114A-4EE8-9B13-477B79E8ABB1}.AppStore|iPhone.ActiveCfg = Debug|Any CPU
		{47877A91-114A-4EE8-9B13-477B79E8ABB1}.AppStore|iPhone.Build.0 = Debug|Any CPU
		{47877A91-114A-4EE8-9B13-477B79E8ABB1}.AppStore|iPhoneSimulator.ActiveCfg = Debug|Any CPU
		{47877A91-114A-4EE8-9B13-477B79E8ABB1}.AppStore|iPhoneSimulator.Build.0 = Debug|Any CPU
		{47877A91-114A-4EE8-9B13-477B79E8ABB1}.Debug|Any CPU.ActiveCfg = Debug|Any CPU
		{47877A91-114A-4EE8-9B13-477B79E8ABB1}.Debug|Any CPU.Build.0 = Debug|Any CPU
		{47877A91-114A-4EE8-9B13-477B79E8ABB1}.Debug|iPhone.ActiveCfg = Debug|Any CPU
		{47877A91-114A-4EE8-9B13-477B79E8ABB1}.Debug|iPhone.Build.0 = Debug|Any CPU
		{47877A91-114A-4EE8-9B13-477B79E8ABB1}.Debug|iPhoneSimulator.ActiveCfg = Debug|Any CPU
		{47877A91-114A-4EE8-9B13-477B79E8ABB1}.Debug|iPhoneSimulator.Build.0 = Debug|Any CPU
		{47877A91-114A-4EE8-9B13-477B79E8ABB1}.Release|Any CPU.ActiveCfg = Release|Any CPU
		{47877A91-114A-4EE8-9B13-477B79E8ABB1}.Release|Any CPU.Build.0 = Release|Any CPU
		{47877A91-114A-4EE8-9B13-477B79E8ABB1}.Release|iPhone.ActiveCfg = Release|Any CPU
		{47877A91-114A-4EE8-9B13-477B79E8ABB1}.Release|iPhone.Build.0 = Release|Any CPU
		{47877A91-114A-4EE8-9B13-477B79E8ABB1}.Release|iPhoneSimulator.ActiveCfg = Release|Any CPU
		{47877A91-114A-4EE8-9B13-477B79E8ABB1}.Release|iPhoneSimulator.Build.0 = Release|Any CPU
	EndGlobalSection
	GlobalSection(SolutionProperties) = preSolution
		HideSolutionNode = FALSE
	EndGlobalSection
	GlobalSection(ExtensibilityGlobals) = postSolution
		SolutionGuid = {7ECC838C-1C12-4B0D-9ACA-CE3D8637F9A2}
	EndGlobalSection
EndGlobal
